
Microsoft Visual Studio Solution File, Format Version 12.00
Project("{2150E333-8FDC-42A3-9474-1A3956D46DE8}") = "Application", "Application", "{2E27FB44-18E8-4204-9C7C-3FECB3B49A14}"
EndProject
Project("{2150E333-8FDC-42A3-9474-1A3956D46DE8}") = "Shared", "Shared", "{1CC16260-E09C-4919-A195-C2F6528A37E0}"
EndProject
Project("{2150E333-8FDC-42A3-9474-1A3956D46DE8}") = "Tests", "Tests", "{6F0C5919-7353-488C-8FEA-F5F5143696B9}"
EndProject
Project("{FAE04EC0-301F-11D3-BF4B-00C04F79EFBC}") = "Shared.Core", "src\Shared\Shared.Core\Shared.Core.csproj", "{13A7AFB0-F473-4C27-88C8-5A1864AEE835}"
EndProject
Project("{FAE04EC0-301F-11D3-BF4B-00C04F79EFBC}") = "Business", "src\Application\Business\Business.csproj", "{051CF51D-542C-4D7C-A39A-0E603FA78308}"
EndProject
Project("{FAE04EC0-301F-11D3-BF4B-00C04F79EFBC}") = "Infrastructure", "src\Application\Infrastructure\Infrastructure.csproj", "{C5DD890E-168D-49F7-963F-425FBB80FE49}"
EndProject
Project("{FAE04EC0-301F-11D3-BF4B-00C04F79EFBC}") = "Domain", "src\Application\Domain\Domain.csproj", "{5608A949-4E47-4C14-B2E0-D8BBEFD4809E}"
EndProject
Project("{FAE04EC0-301F-11D3-BF4B-00C04F79EFBC}") = "Integration.Tests", "tests\Integration.Tests\Integration.Tests.csproj", "{8326BBDF-9201-47F1-B8BB-D95951FB9ECD}"
EndProject
Project("{FAE04EC0-301F-11D3-BF4B-00C04F79EFBC}") = "Unit.Tests", "tests\Unit.Tests\Unit.Tests.csproj", "{A422AA81-8F3A-4434-9705-30EFF02E9623}"
EndProject
Project("{FAE04EC0-301F-11D3-BF4B-00C04F79EFBC}") = "API", "src\Application\API\API.csproj", "{4FAA599F-1983-4B86-BFF5-E4A4C525C36F}"
EndProject
Global
	GlobalSection(SolutionConfigurationPlatforms) = preSolution
		Debug|Any CPU = Debug|Any CPU
		Release|Any CPU = Release|Any CPU
	EndGlobalSection
	GlobalSection(NestedProjects) = preSolution
		{13A7AFB0-F473-4C27-88C8-5A1864AEE835} = {1CC16260-E09C-4919-A195-C2F6528A37E0}
		{051CF51D-542C-4D7C-A39A-0E603FA78308} = {2E27FB44-18E8-4204-9C7C-3FECB3B49A14}
		{C5DD890E-168D-49F7-963F-425FBB80FE49} = {2E27FB44-18E8-4204-9C7C-3FECB3B49A14}
		{5608A949-4E47-4C14-B2E0-D8BBEFD4809E} = {2E27FB44-18E8-4204-9C7C-3FECB3B49A14}
		{8326BBDF-9201-47F1-B8BB-D95951FB9ECD} = {6F0C5919-7353-488C-8FEA-F5F5143696B9}
		{A422AA81-8F3A-4434-9705-30EFF02E9623} = {6F0C5919-7353-488C-8FEA-F5F5143696B9}
		{4FAA599F-1983-4B86-BFF5-E4A4C525C36F} = {2E27FB44-18E8-4204-9C7C-3FECB3B49A14}
	EndGlobalSection
	GlobalSection(ProjectConfigurationPlatforms) = postSolution
		{13A7AFB0-F473-4C27-88C8-5A1864AEE835}.Debug|Any CPU.ActiveCfg = Debug|Any CPU
		{13A7AFB0-F473-4C27-88C8-5A1864AEE835}.Debug|Any CPU.Build.0 = Debug|Any CPU
		{13A7AFB0-F473-4C27-88C8-5A1864AEE835}.Release|Any CPU.ActiveCfg = Release|Any CPU
		{13A7AFB0-F473-4C27-88C8-5A1864AEE835}.Release|Any CPU.Build.0 = Release|Any CPU
		{051CF51D-542C-4D7C-A39A-0E603FA78308}.Debug|Any CPU.ActiveCfg = Debug|Any CPU
		{051CF51D-542C-4D7C-A39A-0E603FA78308}.Debug|Any CPU.Build.0 = Debug|Any CPU
		{051CF51D-542C-4D7C-A39A-0E603FA78308}.Release|Any CPU.ActiveCfg = Release|Any CPU
		{051CF51D-542C-4D7C-A39A-0E603FA78308}.Release|Any CPU.Build.0 = Release|Any CPU
		{C5DD890E-168D-49F7-963F-425FBB80FE49}.Debug|Any CPU.ActiveCfg = Debug|Any CPU
		{C5DD890E-168D-49F7-963F-425FBB80FE49}.Debug|Any CPU.Build.0 = Debug|Any CPU
		{C5DD890E-168D-49F7-963F-425FBB80FE49}.Release|Any CPU.ActiveCfg = Release|Any CPU
		{C5DD890E-168D-49F7-963F-425FBB80FE49}.Release|Any CPU.Build.0 = Release|Any CPU
		{5608A949-4E47-4C14-B2E0-D8BBEFD4809E}.Debug|Any CPU.ActiveCfg = Debug|Any CPU
		{5608A949-4E47-4C14-B2E0-D8BBEFD4809E}.Debug|Any CPU.Build.0 = Debug|Any CPU
		{5608A949-4E47-4C14-B2E0-D8BBEFD4809E}.Release|Any CPU.ActiveCfg = Release|Any CPU
		{5608A949-4E47-4C14-B2E0-D8BBEFD4809E}.Release|Any CPU.Build.0 = Release|Any CPU
		{8326BBDF-9201-47F1-B8BB-D95951FB9ECD}.Debug|Any CPU.ActiveCfg = Debug|Any CPU
		{8326BBDF-9201-47F1-B8BB-D95951FB9ECD}.Debug|Any CPU.Build.0 = Debug|Any CPU
		{8326BBDF-9201-47F1-B8BB-D95951FB9ECD}.Release|Any CPU.ActiveCfg = Release|Any CPU
		{8326BBDF-9201-47F1-B8BB-D95951FB9ECD}.Release|Any CPU.Build.0 = Release|Any CPU
		{A422AA81-8F3A-4434-9705-30EFF02E9623}.Debug|Any CPU.ActiveCfg = Debug|Any CPU
		{A422AA81-8F3A-4434-9705-30EFF02E9623}.Debug|Any CPU.Build.0 = Debug|Any CPU
		{A422AA81-8F3A-4434-9705-30EFF02E9623}.Release|Any CPU.ActiveCfg = Release|Any CPU
		{A422AA81-8F3A-4434-9705-30EFF02E9623}.Release|Any CPU.Build.0 = Release|Any CPU
		{4FAA599F-1983-4B86-BFF5-E4A4C525C36F}.Debug|Any CPU.ActiveCfg = Debug|Any CPU
		{4FAA599F-1983-4B86-BFF5-E4A4C525C36F}.Debug|Any CPU.Build.0 = Debug|Any CPU
		{4FAA599F-1983-4B86-BFF5-E4A4C525C36F}.Release|Any CPU.ActiveCfg = Release|Any CPU
		{4FAA599F-1983-4B86-BFF5-E4A4C525C36F}.Release|Any CPU.Build.0 = Release|Any CPU
	EndGlobalSection
EndGlobal
